
Microsoft Visual Studio Solution File, Format Version 12.00
# Visual Studio Version 16
VisualStudioVersion = 16.0.31129.286
MinimumVisualStudioVersion = 10.0.40219.1
Project("{9A19103F-16F7-4668-BE54-9A1E7A4F7556}") = "teamtaskmanagement", "teamtaskmanagement\teamtaskmanagement.csproj", "{C4A74E03-950C-48E4-8F6C-2B27D9D75AFD}"
EndProject
Project("{FAE04EC0-301F-11D3-BF4B-00C04F79EFBC}") = "TTMS.UI", "TTMS.UI\TTMS.UI.csproj", "{EAF048FC-9273-4EDD-B173-804F16E214C5}"
EndProject
Project("{FAE04EC0-301F-11D3-BF4B-00C04F79EFBC}") = "TTMS.BL", "TTMS.BL\TTMS.BL.csproj", "{B507BA92-EF3D-444A-8746-726661BCCEC6}"
EndProject
Global
	GlobalSection(SolutionConfigurationPlatforms) = preSolution
		Debug|Any CPU = Debug|Any CPU
		Release|Any CPU = Release|Any CPU
	EndGlobalSection
	GlobalSection(ProjectConfigurationPlatforms) = postSolution
		{C4A74E03-950C-48E4-8F6C-2B27D9D75AFD}.Debug|Any CPU.ActiveCfg = Debug|Any CPU
		{C4A74E03-950C-48E4-8F6C-2B27D9D75AFD}.Debug|Any CPU.Build.0 = Debug|Any CPU
		{C4A74E03-950C-48E4-8F6C-2B27D9D75AFD}.Release|Any CPU.ActiveCfg = Release|Any CPU
		{C4A74E03-950C-48E4-8F6C-2B27D9D75AFD}.Release|Any CPU.Build.0 = Release|Any CPU
		{EAF048FC-9273-4EDD-B173-804F16E214C5}.Debug|Any CPU.ActiveCfg = Debug|Any CPU
		{EAF048FC-9273-4EDD-B173-804F16E214C5}.Debug|Any CPU.Build.0 = Debug|Any CPU
		{EAF048FC-9273-4EDD-B173-804F16E214C5}.Release|Any CPU.ActiveCfg = Release|Any CPU
		{EAF048FC-9273-4EDD-B173-804F16E214C5}.Release|Any CPU.Build.0 = Release|Any CPU
		{B507BA92-EF3D-444A-8746-726661BCCEC6}.Debug|Any CPU.ActiveCfg = Debug|Any CPU
		{B507BA92-EF3D-444A-8746-726661BCCEC6}.Debug|Any CPU.Build.0 = Debug|Any CPU
		{B507BA92-EF3D-444A-8746-726661BCCEC6}.Release|Any CPU.ActiveCfg = Release|Any CPU
		{B507BA92-EF3D-444A-8746-726661BCCEC6}.Release|Any CPU.Build.0 = Release|Any CPU
	EndGlobalSection
	GlobalSection(SolutionProperties) = preSolution
		HideSolutionNode = FALSE
	EndGlobalSection
	GlobalSection(ExtensibilityGlobals) = postSolution
		SolutionGuid = {6632EFB4-1656-4C6E-8FA2-282EC2C06E5B}
	EndGlobalSection
EndGlobal
